
Microsoft Visual Studio Solution File, Format Version 12.00
# Visual Studio Version 16
VisualStudioVersion = 16.0.30413.136
MinimumVisualStudioVersion = 10.0.40219.1
Project("{FAE04EC0-301F-11D3-BF4B-00C04F79EFBC}") = "WeatherForecastSample", "WeatherForecastSample\WeatherForecastSample.csproj", "{F36410B8-59B1-4B06-8E70-49388B0ECCEE}"
EndProject
Global
	GlobalSection(SolutionConfigurationPlatforms) = preSolution
		Debug|Any CPU = Debug|Any CPU
		Release|Any CPU = Release|Any CPU
	EndGlobalSection
	GlobalSection(ProjectConfigurationPlatforms) = postSolution
		{F36410B8-59B1-4B06-8E70-49388B0ECCEE}.Debug|Any CPU.ActiveCfg = Debug|Any CPU
		{F36410B8-59B1-4B06-8E70-49388B0ECCEE}.Debug|Any CPU.Build.0 = Debug|Any CPU
		{F36410B8-59B1-4B06-8E70-49388B0ECCEE}.Release|Any CPU.ActiveCfg = Release|Any CPU
		{F36410B8-59B1-4B06-8E70-49388B0ECCEE}.Release|Any CPU.Build.0 = Release|Any CPU
	EndGlobalSection
	GlobalSection(SolutionProperties) = preSolution
		HideSolutionNode = FALSE
	EndGlobalSection
	GlobalSection(ExtensibilityGlobals) = postSolution
		SolutionGuid = {57D76AAA-67F3-4C91-BA8B-745A6E1FD6D0}
	EndGlobalSection
EndGlobal
